
Microsoft Visual Studio Solution File, Format Version 12.00
# Visual Studio Version 16
VisualStudioVersion = 16.0.30804.86
MinimumVisualStudioVersion = 10.0.40219.1
Project("{FAE04EC0-301F-11D3-BF4B-00C04F79EFBC}") = "TallerThreadsCcc", "TallerThreadsCcc.csproj", "{4917E5C5-A61E-47A6-B7CB-D2A105092591}"
EndProject
Global
	GlobalSection(SolutionConfigurationPlatforms) = preSolution
		Debug|Any CPU = Debug|Any CPU
		Release|Any CPU = Release|Any CPU
	EndGlobalSection
	GlobalSection(ProjectConfigurationPlatforms) = postSolution
		{4917E5C5-A61E-47A6-B7CB-D2A105092591}.Debug|Any CPU.ActiveCfg = Debug|Any CPU
		{4917E5C5-A61E-47A6-B7CB-D2A105092591}.Debug|Any CPU.Build.0 = Debug|Any CPU
		{4917E5C5-A61E-47A6-B7CB-D2A105092591}.Release|Any CPU.ActiveCfg = Release|Any CPU
		{4917E5C5-A61E-47A6-B7CB-D2A105092591}.Release|Any CPU.Build.0 = Release|Any CPU
	EndGlobalSection
	GlobalSection(SolutionProperties) = preSolution
		HideSolutionNode = FALSE
	EndGlobalSection
	GlobalSection(ExtensibilityGlobals) = postSolution
		SolutionGuid = {83CE154A-63B6-4B61-9CB8-8BE6B783A2C3}
	EndGlobalSection
EndGlobal
